# This file is automatically @generated by Cargo.
# It is not intended for manual editing.
[[package]]
name = "app"
version = "0.1.0"

[[package]]
name = "cli"
version = "0.1.0"

[[package]]
name = "common"
version = "0.1.0"

[[package]]
name = "engine"
version = "0.1.0"

[[package]]
name = "storage"
version = "0.1.0"

