
Microsoft Visual Studio Solution File, Format Version 12.00
# Visual Studio 15
VisualStudioVersion = 15.0.26124.0
MinimumVisualStudioVersion = 15.0.26124.0
Project("{2150E333-8FDC-42A3-9474-1A3956D46DE8}") = "src", "src", "{720B3148-5BE5-4460-9263-9A461F8B9F85}"
EndProject
Project("{F2A71F9B-5D33-465A-A702-920D77279786}") = "Cli", "src\Cli\Cli.fsproj", "{6ED6EC20-32B0-4E8D-8E28-CAB6CD424247}"
EndProject
Project("{F2A71F9B-5D33-465A-A702-920D77279786}") = "Database", "src\Database\Database.fsproj", "{39D3FEDD-8481-435B-AE37-C1AED1BADC18}"
EndProject
Project("{F2A71F9B-5D33-465A-A702-920D77279786}") = "Entities", "src\Entities\Entities.fsproj", "{D9280926-6073-4B96-8CFF-5CD4F3017E33}"
EndProject
Project("{F2A71F9B-5D33-465A-A702-920D77279786}") = "Simulation", "src\Simulation\Simulation.fsproj", "{2DF6557C-C5B4-4083-943C-0C8D2F317A3D}"
EndProject
Project("{2150E333-8FDC-42A3-9474-1A3956D46DE8}") = "tests", "tests", "{FDDB1410-F606-4415-9BAA-B4AAB9B635AF}"
EndProject
Project("{F2A71F9B-5D33-465A-A702-920D77279786}") = "Simulation.Tests", "tests\Simulation.Tests\Simulation.Tests.fsproj", "{E8B8516E-F1AD-4BC2-A543-AFFC826B8FF8}"
EndProject
Project("{F2A71F9B-5D33-465A-A702-920D77279786}") = "Test.Common", "tests\Test.Common\Test.Common.fsproj", "{7C770866-B3A4-4A83-9E01-4CD6175D90EE}"
EndProject
Project("{F2A71F9B-5D33-465A-A702-920D77279786}") = "Common", "src\Common\Common.fsproj", "{6BF9BAE1-FBF4-49BA-8D33-37CF6A3B47C2}"
EndProject
Project("{F2A71F9B-5D33-465A-A702-920D77279786}") = "State", "src\State\State.fsproj", "{AB1608FD-63CD-49CE-83C8-DAD497DA27FA}"
EndProject
Project("{F2A71F9B-5D33-465A-A702-920D77279786}") = "Savegame", "src\Savegame\Savegame.fsproj", "{A7FA441C-3108-4900-A781-6F3FCD464BC7}"
EndProject
Project("{F2A71F9B-5D33-465A-A702-920D77279786}") = "State.Tests", "tests\State.Tests\State.Tests.fsproj", "{A5CE1F18-F6CA-4CBD-98B0-2D7DAC4171FA}"
EndProject
Project("{F2A71F9B-5D33-465A-A702-920D77279786}") = "Entities.Tests", "tests\Entities.Tests\Entities.Tests.fsproj", "{10DB3A4E-8D9A-4AB8-8DCA-5A14D1E5BB3C}"
EndProject
Global
	GlobalSection(SolutionConfigurationPlatforms) = preSolution
		Debug|Any CPU = Debug|Any CPU
		Debug|x64 = Debug|x64
		Debug|x86 = Debug|x86
		Release|Any CPU = Release|Any CPU
		Release|x64 = Release|x64
		Release|x86 = Release|x86
	EndGlobalSection
	GlobalSection(SolutionProperties) = preSolution
		HideSolutionNode = FALSE
	EndGlobalSection
	GlobalSection(ProjectConfigurationPlatforms) = postSolution
		{6ED6EC20-32B0-4E8D-8E28-CAB6CD424247}.Debug|Any CPU.ActiveCfg = Debug|Any CPU
		{6ED6EC20-32B0-4E8D-8E28-CAB6CD424247}.Debug|Any CPU.Build.0 = Debug|Any CPU
		{6ED6EC20-32B0-4E8D-8E28-CAB6CD424247}.Debug|x64.ActiveCfg = Debug|Any CPU
		{6ED6EC20-32B0-4E8D-8E28-CAB6CD424247}.Debug|x64.Build.0 = Debug|Any CPU
		{6ED6EC20-32B0-4E8D-8E28-CAB6CD424247}.Debug|x86.ActiveCfg = Debug|Any CPU
		{6ED6EC20-32B0-4E8D-8E28-CAB6CD424247}.Debug|x86.Build.0 = Debug|Any CPU
		{6ED6EC20-32B0-4E8D-8E28-CAB6CD424247}.Release|Any CPU.ActiveCfg = Release|Any CPU
		{6ED6EC20-32B0-4E8D-8E28-CAB6CD424247}.Release|Any CPU.Build.0 = Release|Any CPU
		{6ED6EC20-32B0-4E8D-8E28-CAB6CD424247}.Release|x64.ActiveCfg = Release|Any CPU
		{6ED6EC20-32B0-4E8D-8E28-CAB6CD424247}.Release|x64.Build.0 = Release|Any CPU
		{6ED6EC20-32B0-4E8D-8E28-CAB6CD424247}.Release|x86.ActiveCfg = Release|Any CPU
		{6ED6EC20-32B0-4E8D-8E28-CAB6CD424247}.Release|x86.Build.0 = Release|Any CPU
		{39D3FEDD-8481-435B-AE37-C1AED1BADC18}.Debug|Any CPU.ActiveCfg = Debug|Any CPU
		{39D3FEDD-8481-435B-AE37-C1AED1BADC18}.Debug|Any CPU.Build.0 = Debug|Any CPU
		{39D3FEDD-8481-435B-AE37-C1AED1BADC18}.Debug|x64.ActiveCfg = Debug|Any CPU
		{39D3FEDD-8481-435B-AE37-C1AED1BADC18}.Debug|x64.Build.0 = Debug|Any CPU
		{39D3FEDD-8481-435B-AE37-C1AED1BADC18}.Debug|x86.ActiveCfg = Debug|Any CPU
		{39D3FEDD-8481-435B-AE37-C1AED1BADC18}.Debug|x86.Build.0 = Debug|Any CPU
		{39D3FEDD-8481-435B-AE37-C1AED1BADC18}.Release|Any CPU.ActiveCfg = Release|Any CPU
		{39D3FEDD-8481-435B-AE37-C1AED1BADC18}.Release|Any CPU.Build.0 = Release|Any CPU
		{39D3FEDD-8481-435B-AE37-C1AED1BADC18}.Release|x64.ActiveCfg = Release|Any CPU
		{39D3FEDD-8481-435B-AE37-C1AED1BADC18}.Release|x64.Build.0 = Release|Any CPU
		{39D3FEDD-8481-435B-AE37-C1AED1BADC18}.Release|x86.ActiveCfg = Release|Any CPU
		{39D3FEDD-8481-435B-AE37-C1AED1BADC18}.Release|x86.Build.0 = Release|Any CPU
		{D9280926-6073-4B96-8CFF-5CD4F3017E33}.Debug|Any CPU.ActiveCfg = Debug|Any CPU
		{D9280926-6073-4B96-8CFF-5CD4F3017E33}.Debug|Any CPU.Build.0 = Debug|Any CPU
		{D9280926-6073-4B96-8CFF-5CD4F3017E33}.Debug|x64.ActiveCfg = Debug|Any CPU
		{D9280926-6073-4B96-8CFF-5CD4F3017E33}.Debug|x64.Build.0 = Debug|Any CPU
		{D9280926-6073-4B96-8CFF-5CD4F3017E33}.Debug|x86.ActiveCfg = Debug|Any CPU
		{D9280926-6073-4B96-8CFF-5CD4F3017E33}.Debug|x86.Build.0 = Debug|Any CPU
		{D9280926-6073-4B96-8CFF-5CD4F3017E33}.Release|Any CPU.ActiveCfg = Release|Any CPU
		{D9280926-6073-4B96-8CFF-5CD4F3017E33}.Release|Any CPU.Build.0 = Release|Any CPU
		{D9280926-6073-4B96-8CFF-5CD4F3017E33}.Release|x64.ActiveCfg = Release|Any CPU
		{D9280926-6073-4B96-8CFF-5CD4F3017E33}.Release|x64.Build.0 = Release|Any CPU
		{D9280926-6073-4B96-8CFF-5CD4F3017E33}.Release|x86.ActiveCfg = Release|Any CPU
		{D9280926-6073-4B96-8CFF-5CD4F3017E33}.Release|x86.Build.0 = Release|Any CPU
		{2DF6557C-C5B4-4083-943C-0C8D2F317A3D}.Debug|Any CPU.ActiveCfg = Debug|Any CPU
		{2DF6557C-C5B4-4083-943C-0C8D2F317A3D}.Debug|Any CPU.Build.0 = Debug|Any CPU
		{2DF6557C-C5B4-4083-943C-0C8D2F317A3D}.Debug|x64.ActiveCfg = Debug|Any CPU
		{2DF6557C-C5B4-4083-943C-0C8D2F317A3D}.Debug|x64.Build.0 = Debug|Any CPU
		{2DF6557C-C5B4-4083-943C-0C8D2F317A3D}.Debug|x86.ActiveCfg = Debug|Any CPU
		{2DF6557C-C5B4-4083-943C-0C8D2F317A3D}.Debug|x86.Build.0 = Debug|Any CPU
		{2DF6557C-C5B4-4083-943C-0C8D2F317A3D}.Release|Any CPU.ActiveCfg = Release|Any CPU
		{2DF6557C-C5B4-4083-943C-0C8D2F317A3D}.Release|Any CPU.Build.0 = Release|Any CPU
		{2DF6557C-C5B4-4083-943C-0C8D2F317A3D}.Release|x64.ActiveCfg = Release|Any CPU
		{2DF6557C-C5B4-4083-943C-0C8D2F317A3D}.Release|x64.Build.0 = Release|Any CPU
		{2DF6557C-C5B4-4083-943C-0C8D2F317A3D}.Release|x86.ActiveCfg = Release|Any CPU
		{2DF6557C-C5B4-4083-943C-0C8D2F317A3D}.Release|x86.Build.0 = Release|Any CPU
		{E8B8516E-F1AD-4BC2-A543-AFFC826B8FF8}.Debug|Any CPU.ActiveCfg = Debug|Any CPU
		{E8B8516E-F1AD-4BC2-A543-AFFC826B8FF8}.Debug|Any CPU.Build.0 = Debug|Any CPU
		{E8B8516E-F1AD-4BC2-A543-AFFC826B8FF8}.Debug|x64.ActiveCfg = Debug|Any CPU
		{E8B8516E-F1AD-4BC2-A543-AFFC826B8FF8}.Debug|x64.Build.0 = Debug|Any CPU
		{E8B8516E-F1AD-4BC2-A543-AFFC826B8FF8}.Debug|x86.ActiveCfg = Debug|Any CPU
		{E8B8516E-F1AD-4BC2-A543-AFFC826B8FF8}.Debug|x86.Build.0 = Debug|Any CPU
		{E8B8516E-F1AD-4BC2-A543-AFFC826B8FF8}.Release|Any CPU.ActiveCfg = Release|Any CPU
		{E8B8516E-F1AD-4BC2-A543-AFFC826B8FF8}.Release|Any CPU.Build.0 = Release|Any CPU
		{E8B8516E-F1AD-4BC2-A543-AFFC826B8FF8}.Release|x64.ActiveCfg = Release|Any CPU
		{E8B8516E-F1AD-4BC2-A543-AFFC826B8FF8}.Release|x64.Build.0 = Release|Any CPU
		{E8B8516E-F1AD-4BC2-A543-AFFC826B8FF8}.Release|x86.ActiveCfg = Release|Any CPU
		{E8B8516E-F1AD-4BC2-A543-AFFC826B8FF8}.Release|x86.Build.0 = Release|Any CPU
		{7C770866-B3A4-4A83-9E01-4CD6175D90EE}.Debug|Any CPU.ActiveCfg = Debug|Any CPU
		{7C770866-B3A4-4A83-9E01-4CD6175D90EE}.Debug|Any CPU.Build.0 = Debug|Any CPU
		{7C770866-B3A4-4A83-9E01-4CD6175D90EE}.Debug|x64.ActiveCfg = Debug|Any CPU
		{7C770866-B3A4-4A83-9E01-4CD6175D90EE}.Debug|x64.Build.0 = Debug|Any CPU
		{7C770866-B3A4-4A83-9E01-4CD6175D90EE}.Debug|x86.ActiveCfg = Debug|Any CPU
		{7C770866-B3A4-4A83-9E01-4CD6175D90EE}.Debug|x86.Build.0 = Debug|Any CPU
		{7C770866-B3A4-4A83-9E01-4CD6175D90EE}.Release|Any CPU.ActiveCfg = Release|Any CPU
		{7C770866-B3A4-4A83-9E01-4CD6175D90EE}.Release|Any CPU.Build.0 = Release|Any CPU
		{7C770866-B3A4-4A83-9E01-4CD6175D90EE}.Release|x64.ActiveCfg = Release|Any CPU
		{7C770866-B3A4-4A83-9E01-4CD6175D90EE}.Release|x64.Build.0 = Release|Any CPU
		{7C770866-B3A4-4A83-9E01-4CD6175D90EE}.Release|x86.ActiveCfg = Release|Any CPU
		{7C770866-B3A4-4A83-9E01-4CD6175D90EE}.Release|x86.Build.0 = Release|Any CPU
		{6BF9BAE1-FBF4-49BA-8D33-37CF6A3B47C2}.Debug|Any CPU.ActiveCfg = Debug|Any CPU
		{6BF9BAE1-FBF4-49BA-8D33-37CF6A3B47C2}.Debug|Any CPU.Build.0 = Debug|Any CPU
		{6BF9BAE1-FBF4-49BA-8D33-37CF6A3B47C2}.Debug|x64.ActiveCfg = Debug|Any CPU
		{6BF9BAE1-FBF4-49BA-8D33-37CF6A3B47C2}.Debug|x64.Build.0 = Debug|Any CPU
		{6BF9BAE1-FBF4-49BA-8D33-37CF6A3B47C2}.Debug|x86.ActiveCfg = Debug|Any CPU
		{6BF9BAE1-FBF4-49BA-8D33-37CF6A3B47C2}.Debug|x86.Build.0 = Debug|Any CPU
		{6BF9BAE1-FBF4-49BA-8D33-37CF6A3B47C2}.Release|Any CPU.ActiveCfg = Release|Any CPU
		{6BF9BAE1-FBF4-49BA-8D33-37CF6A3B47C2}.Release|Any CPU.Build.0 = Release|Any CPU
		{6BF9BAE1-FBF4-49BA-8D33-37CF6A3B47C2}.Release|x64.ActiveCfg = Release|Any CPU
		{6BF9BAE1-FBF4-49BA-8D33-37CF6A3B47C2}.Release|x64.Build.0 = Release|Any CPU
		{6BF9BAE1-FBF4-49BA-8D33-37CF6A3B47C2}.Release|x86.ActiveCfg = Release|Any CPU
		{6BF9BAE1-FBF4-49BA-8D33-37CF6A3B47C2}.Release|x86.Build.0 = Release|Any CPU
		{AB1608FD-63CD-49CE-83C8-DAD497DA27FA}.Debug|Any CPU.ActiveCfg = Debug|Any CPU
		{AB1608FD-63CD-49CE-83C8-DAD497DA27FA}.Debug|Any CPU.Build.0 = Debug|Any CPU
		{AB1608FD-63CD-49CE-83C8-DAD497DA27FA}.Debug|x64.ActiveCfg = Debug|Any CPU
		{AB1608FD-63CD-49CE-83C8-DAD497DA27FA}.Debug|x64.Build.0 = Debug|Any CPU
		{AB1608FD-63CD-49CE-83C8-DAD497DA27FA}.Debug|x86.ActiveCfg = Debug|Any CPU
		{AB1608FD-63CD-49CE-83C8-DAD497DA27FA}.Debug|x86.Build.0 = Debug|Any CPU
		{AB1608FD-63CD-49CE-83C8-DAD497DA27FA}.Release|Any CPU.ActiveCfg = Release|Any CPU
		{AB1608FD-63CD-49CE-83C8-DAD497DA27FA}.Release|Any CPU.Build.0 = Release|Any CPU
		{AB1608FD-63CD-49CE-83C8-DAD497DA27FA}.Release|x64.ActiveCfg = Release|Any CPU
		{AB1608FD-63CD-49CE-83C8-DAD497DA27FA}.Release|x64.Build.0 = Release|Any CPU
		{AB1608FD-63CD-49CE-83C8-DAD497DA27FA}.Release|x86.ActiveCfg = Release|Any CPU
		{AB1608FD-63CD-49CE-83C8-DAD497DA27FA}.Release|x86.Build.0 = Release|Any CPU
		{A7FA441C-3108-4900-A781-6F3FCD464BC7}.Debug|Any CPU.ActiveCfg = Debug|Any CPU
		{A7FA441C-3108-4900-A781-6F3FCD464BC7}.Debug|Any CPU.Build.0 = Debug|Any CPU
		{A7FA441C-3108-4900-A781-6F3FCD464BC7}.Debug|x64.ActiveCfg = Debug|Any CPU
		{A7FA441C-3108-4900-A781-6F3FCD464BC7}.Debug|x64.Build.0 = Debug|Any CPU
		{A7FA441C-3108-4900-A781-6F3FCD464BC7}.Debug|x86.ActiveCfg = Debug|Any CPU
		{A7FA441C-3108-4900-A781-6F3FCD464BC7}.Debug|x86.Build.0 = Debug|Any CPU
		{A7FA441C-3108-4900-A781-6F3FCD464BC7}.Release|Any CPU.ActiveCfg = Release|Any CPU
		{A7FA441C-3108-4900-A781-6F3FCD464BC7}.Release|Any CPU.Build.0 = Release|Any CPU
		{A7FA441C-3108-4900-A781-6F3FCD464BC7}.Release|x64.ActiveCfg = Release|Any CPU
		{A7FA441C-3108-4900-A781-6F3FCD464BC7}.Release|x64.Build.0 = Release|Any CPU
		{A7FA441C-3108-4900-A781-6F3FCD464BC7}.Release|x86.ActiveCfg = Release|Any CPU
		{A7FA441C-3108-4900-A781-6F3FCD464BC7}.Release|x86.Build.0 = Release|Any CPU
		{A5CE1F18-F6CA-4CBD-98B0-2D7DAC4171FA}.Debug|Any CPU.ActiveCfg = Debug|Any CPU
		{A5CE1F18-F6CA-4CBD-98B0-2D7DAC4171FA}.Debug|Any CPU.Build.0 = Debug|Any CPU
		{A5CE1F18-F6CA-4CBD-98B0-2D7DAC4171FA}.Debug|x64.ActiveCfg = Debug|Any CPU
		{A5CE1F18-F6CA-4CBD-98B0-2D7DAC4171FA}.Debug|x64.Build.0 = Debug|Any CPU
		{A5CE1F18-F6CA-4CBD-98B0-2D7DAC4171FA}.Debug|x86.ActiveCfg = Debug|Any CPU
		{A5CE1F18-F6CA-4CBD-98B0-2D7DAC4171FA}.Debug|x86.Build.0 = Debug|Any CPU
		{A5CE1F18-F6CA-4CBD-98B0-2D7DAC4171FA}.Release|Any CPU.ActiveCfg = Release|Any CPU
		{A5CE1F18-F6CA-4CBD-98B0-2D7DAC4171FA}.Release|Any CPU.Build.0 = Release|Any CPU
		{A5CE1F18-F6CA-4CBD-98B0-2D7DAC4171FA}.Release|x64.ActiveCfg = Release|Any CPU
		{A5CE1F18-F6CA-4CBD-98B0-2D7DAC4171FA}.Release|x64.Build.0 = Release|Any CPU
		{A5CE1F18-F6CA-4CBD-98B0-2D7DAC4171FA}.Release|x86.ActiveCfg = Release|Any CPU
		{A5CE1F18-F6CA-4CBD-98B0-2D7DAC4171FA}.Release|x86.Build.0 = Release|Any CPU
		{10DB3A4E-8D9A-4AB8-8DCA-5A14D1E5BB3C}.Debug|Any CPU.ActiveCfg = Debug|Any CPU
		{10DB3A4E-8D9A-4AB8-8DCA-5A14D1E5BB3C}.Debug|Any CPU.Build.0 = Debug|Any CPU
		{10DB3A4E-8D9A-4AB8-8DCA-5A14D1E5BB3C}.Debug|x64.ActiveCfg = Debug|Any CPU
		{10DB3A4E-8D9A-4AB8-8DCA-5A14D1E5BB3C}.Debug|x64.Build.0 = Debug|Any CPU
		{10DB3A4E-8D9A-4AB8-8DCA-5A14D1E5BB3C}.Debug|x86.ActiveCfg = Debug|Any CPU
		{10DB3A4E-8D9A-4AB8-8DCA-5A14D1E5BB3C}.Debug|x86.Build.0 = Debug|Any CPU
		{10DB3A4E-8D9A-4AB8-8DCA-5A14D1E5BB3C}.Release|Any CPU.ActiveCfg = Release|Any CPU
		{10DB3A4E-8D9A-4AB8-8DCA-5A14D1E5BB3C}.Release|Any CPU.Build.0 = Release|Any CPU
		{10DB3A4E-8D9A-4AB8-8DCA-5A14D1E5BB3C}.Release|x64.ActiveCfg = Release|Any CPU
		{10DB3A4E-8D9A-4AB8-8DCA-5A14D1E5BB3C}.Release|x64.Build.0 = Release|Any CPU
		{10DB3A4E-8D9A-4AB8-8DCA-5A14D1E5BB3C}.Release|x86.ActiveCfg = Release|Any CPU
		{10DB3A4E-8D9A-4AB8-8DCA-5A14D1E5BB3C}.Release|x86.Build.0 = Release|Any CPU
	EndGlobalSection
	GlobalSection(NestedProjects) = preSolution
		{6ED6EC20-32B0-4E8D-8E28-CAB6CD424247} = {720B3148-5BE5-4460-9263-9A461F8B9F85}
		{39D3FEDD-8481-435B-AE37-C1AED1BADC18} = {720B3148-5BE5-4460-9263-9A461F8B9F85}
		{D9280926-6073-4B96-8CFF-5CD4F3017E33} = {720B3148-5BE5-4460-9263-9A461F8B9F85}
		{2DF6557C-C5B4-4083-943C-0C8D2F317A3D} = {720B3148-5BE5-4460-9263-9A461F8B9F85}
		{E8B8516E-F1AD-4BC2-A543-AFFC826B8FF8} = {FDDB1410-F606-4415-9BAA-B4AAB9B635AF}
		{7C770866-B3A4-4A83-9E01-4CD6175D90EE} = {FDDB1410-F606-4415-9BAA-B4AAB9B635AF}
		{6BF9BAE1-FBF4-49BA-8D33-37CF6A3B47C2} = {720B3148-5BE5-4460-9263-9A461F8B9F85}
		{AB1608FD-63CD-49CE-83C8-DAD497DA27FA} = {720B3148-5BE5-4460-9263-9A461F8B9F85}
		{A7FA441C-3108-4900-A781-6F3FCD464BC7} = {720B3148-5BE5-4460-9263-9A461F8B9F85}
		{A5CE1F18-F6CA-4CBD-98B0-2D7DAC4171FA} = {FDDB1410-F606-4415-9BAA-B4AAB9B635AF}
		{10DB3A4E-8D9A-4AB8-8DCA-5A14D1E5BB3C} = {FDDB1410-F606-4415-9BAA-B4AAB9B635AF}
	EndGlobalSection
EndGlobal
