
Microsoft Visual Studio Solution File, Format Version 12.00
# Visual Studio 15
VisualStudioVersion = 15.0.26124.0
MinimumVisualStudioVersion = 15.0.26124.0
Project("{2150E333-8FDC-42A3-9474-1A3956D46DE8}") = "src", "src", "{720B3148-5BE5-4460-9263-9A461F8B9F85}"
EndProject
Project("{F2A71F9B-5D33-465A-A702-920D77279786}") = "Cli", "src\Cli\Cli.fsproj", "{6ED6EC20-32B0-4E8D-8E28-CAB6CD424247}"
EndProject
Project("{F2A71F9B-5D33-465A-A702-920D77279786}") = "Storage", "src\Storage\Storage.fsproj", "{39D3FEDD-8481-435B-AE37-C1AED1BADC18}"
EndProject
Project("{F2A71F9B-5D33-465A-A702-920D77279786}") = "Entities", "src\Entities\Entities.fsproj", "{D9280926-6073-4B96-8CFF-5CD4F3017E33}"
EndProject
Project("{F2A71F9B-5D33-465A-A702-920D77279786}") = "Mediator", "src\Mediator\Mediator.fsproj", "{5EF2B8E5-8DD4-41C2-B56E-F708241A1C50}"
EndProject
Project("{F2A71F9B-5D33-465A-A702-920D77279786}") = "Mediator.Mutations", "src\Mediator.Mutations\Mediator.Mutations.fsproj", "{665A057F-D915-48E3-A55A-33F4A79B9CBD}"
EndProject
Project("{F2A71F9B-5D33-465A-A702-920D77279786}") = "Mediator.Queries", "src\Mediator.Queries\Mediator.Queries.fsproj", "{0AB335D6-32B5-4D7E-A26B-F5359C4A685B}"
EndProject
Project("{F2A71F9B-5D33-465A-A702-920D77279786}") = "Core", "src\Core\Core.fsproj", "{2DF6557C-C5B4-4083-943C-0C8D2F317A3D}"
EndProject
Project("{2150E333-8FDC-42A3-9474-1A3956D46DE8}") = "Resolvers", "Resolvers", "{F8D25419-B90B-4996-AD4B-2086D6E3B1D1}"
EndProject
Project("{F2A71F9B-5D33-465A-A702-920D77279786}") = "Resolvers.Core", "src\Resolvers.Core\Resolvers.Core.fsproj", "{0176D484-2758-47C0-9667-3EEAB879BDA1}"
EndProject
Project("{F2A71F9B-5D33-465A-A702-920D77279786}") = "Resolvers.Storage", "src\Resolvers.Storage\Resolvers.Storage.fsproj", "{AC6B7C5A-F25C-4B13-88E3-4A929A390DFB}"
EndProject
Project("{F2A71F9B-5D33-465A-A702-920D77279786}") = "Resolvers.Common", "src\Resolvers.Common\Resolvers.Common.fsproj", "{387832E9-F4C9-4D2A-BD21-28CCE9F28CA6}"
EndProject
Project("{F2A71F9B-5D33-465A-A702-920D77279786}") = "Resolvers.All", "src\Resolvers.All\Resolvers.All.fsproj", "{A6E99E03-83C2-44B4-B276-12A00A83C3AB}"
EndProject
Project("{2150E333-8FDC-42A3-9474-1A3956D46DE8}") = "tests", "tests", "{FDDB1410-F606-4415-9BAA-B4AAB9B635AF}"
EndProject
Project("{F2A71F9B-5D33-465A-A702-920D77279786}") = "Resolvers.Tests", "tests\Resolvers.Tests\Resolvers.Tests.fsproj", "{7C902F73-3090-463D-B1CF-1F8CA0AF98ED}"
EndProject
Project("{F2A71F9B-5D33-465A-A702-920D77279786}") = "Core.Tests", "tests\Core.Tests\Core.Tests.fsproj", "{E8B8516E-F1AD-4BC2-A543-AFFC826B8FF8}"
EndProject
Project("{F2A71F9B-5D33-465A-A702-920D77279786}") = "Test.Common", "tests\Test.Common\Test.Common.fsproj", "{7C770866-B3A4-4A83-9E01-4CD6175D90EE}"
EndProject
Global
	GlobalSection(SolutionConfigurationPlatforms) = preSolution
		Debug|Any CPU = Debug|Any CPU
		Debug|x64 = Debug|x64
		Debug|x86 = Debug|x86
		Release|Any CPU = Release|Any CPU
		Release|x64 = Release|x64
		Release|x86 = Release|x86
	EndGlobalSection
	GlobalSection(SolutionProperties) = preSolution
		HideSolutionNode = FALSE
	EndGlobalSection
	GlobalSection(ProjectConfigurationPlatforms) = postSolution
		{6ED6EC20-32B0-4E8D-8E28-CAB6CD424247}.Debug|Any CPU.ActiveCfg = Debug|Any CPU
		{6ED6EC20-32B0-4E8D-8E28-CAB6CD424247}.Debug|Any CPU.Build.0 = Debug|Any CPU
		{6ED6EC20-32B0-4E8D-8E28-CAB6CD424247}.Debug|x64.ActiveCfg = Debug|Any CPU
		{6ED6EC20-32B0-4E8D-8E28-CAB6CD424247}.Debug|x64.Build.0 = Debug|Any CPU
		{6ED6EC20-32B0-4E8D-8E28-CAB6CD424247}.Debug|x86.ActiveCfg = Debug|Any CPU
		{6ED6EC20-32B0-4E8D-8E28-CAB6CD424247}.Debug|x86.Build.0 = Debug|Any CPU
		{6ED6EC20-32B0-4E8D-8E28-CAB6CD424247}.Release|Any CPU.ActiveCfg = Release|Any CPU
		{6ED6EC20-32B0-4E8D-8E28-CAB6CD424247}.Release|Any CPU.Build.0 = Release|Any CPU
		{6ED6EC20-32B0-4E8D-8E28-CAB6CD424247}.Release|x64.ActiveCfg = Release|Any CPU
		{6ED6EC20-32B0-4E8D-8E28-CAB6CD424247}.Release|x64.Build.0 = Release|Any CPU
		{6ED6EC20-32B0-4E8D-8E28-CAB6CD424247}.Release|x86.ActiveCfg = Release|Any CPU
		{6ED6EC20-32B0-4E8D-8E28-CAB6CD424247}.Release|x86.Build.0 = Release|Any CPU
		{39D3FEDD-8481-435B-AE37-C1AED1BADC18}.Debug|Any CPU.ActiveCfg = Debug|Any CPU
		{39D3FEDD-8481-435B-AE37-C1AED1BADC18}.Debug|Any CPU.Build.0 = Debug|Any CPU
		{39D3FEDD-8481-435B-AE37-C1AED1BADC18}.Debug|x64.ActiveCfg = Debug|Any CPU
		{39D3FEDD-8481-435B-AE37-C1AED1BADC18}.Debug|x64.Build.0 = Debug|Any CPU
		{39D3FEDD-8481-435B-AE37-C1AED1BADC18}.Debug|x86.ActiveCfg = Debug|Any CPU
		{39D3FEDD-8481-435B-AE37-C1AED1BADC18}.Debug|x86.Build.0 = Debug|Any CPU
		{39D3FEDD-8481-435B-AE37-C1AED1BADC18}.Release|Any CPU.ActiveCfg = Release|Any CPU
		{39D3FEDD-8481-435B-AE37-C1AED1BADC18}.Release|Any CPU.Build.0 = Release|Any CPU
		{39D3FEDD-8481-435B-AE37-C1AED1BADC18}.Release|x64.ActiveCfg = Release|Any CPU
		{39D3FEDD-8481-435B-AE37-C1AED1BADC18}.Release|x64.Build.0 = Release|Any CPU
		{39D3FEDD-8481-435B-AE37-C1AED1BADC18}.Release|x86.ActiveCfg = Release|Any CPU
		{39D3FEDD-8481-435B-AE37-C1AED1BADC18}.Release|x86.Build.0 = Release|Any CPU
		{D9280926-6073-4B96-8CFF-5CD4F3017E33}.Debug|Any CPU.ActiveCfg = Debug|Any CPU
		{D9280926-6073-4B96-8CFF-5CD4F3017E33}.Debug|Any CPU.Build.0 = Debug|Any CPU
		{D9280926-6073-4B96-8CFF-5CD4F3017E33}.Debug|x64.ActiveCfg = Debug|Any CPU
		{D9280926-6073-4B96-8CFF-5CD4F3017E33}.Debug|x64.Build.0 = Debug|Any CPU
		{D9280926-6073-4B96-8CFF-5CD4F3017E33}.Debug|x86.ActiveCfg = Debug|Any CPU
		{D9280926-6073-4B96-8CFF-5CD4F3017E33}.Debug|x86.Build.0 = Debug|Any CPU
		{D9280926-6073-4B96-8CFF-5CD4F3017E33}.Release|Any CPU.ActiveCfg = Release|Any CPU
		{D9280926-6073-4B96-8CFF-5CD4F3017E33}.Release|Any CPU.Build.0 = Release|Any CPU
		{D9280926-6073-4B96-8CFF-5CD4F3017E33}.Release|x64.ActiveCfg = Release|Any CPU
		{D9280926-6073-4B96-8CFF-5CD4F3017E33}.Release|x64.Build.0 = Release|Any CPU
		{D9280926-6073-4B96-8CFF-5CD4F3017E33}.Release|x86.ActiveCfg = Release|Any CPU
		{D9280926-6073-4B96-8CFF-5CD4F3017E33}.Release|x86.Build.0 = Release|Any CPU
		{5EF2B8E5-8DD4-41C2-B56E-F708241A1C50}.Debug|Any CPU.ActiveCfg = Debug|Any CPU
		{5EF2B8E5-8DD4-41C2-B56E-F708241A1C50}.Debug|Any CPU.Build.0 = Debug|Any CPU
		{5EF2B8E5-8DD4-41C2-B56E-F708241A1C50}.Debug|x64.ActiveCfg = Debug|Any CPU
		{5EF2B8E5-8DD4-41C2-B56E-F708241A1C50}.Debug|x64.Build.0 = Debug|Any CPU
		{5EF2B8E5-8DD4-41C2-B56E-F708241A1C50}.Debug|x86.ActiveCfg = Debug|Any CPU
		{5EF2B8E5-8DD4-41C2-B56E-F708241A1C50}.Debug|x86.Build.0 = Debug|Any CPU
		{5EF2B8E5-8DD4-41C2-B56E-F708241A1C50}.Release|Any CPU.ActiveCfg = Release|Any CPU
		{5EF2B8E5-8DD4-41C2-B56E-F708241A1C50}.Release|Any CPU.Build.0 = Release|Any CPU
		{5EF2B8E5-8DD4-41C2-B56E-F708241A1C50}.Release|x64.ActiveCfg = Release|Any CPU
		{5EF2B8E5-8DD4-41C2-B56E-F708241A1C50}.Release|x64.Build.0 = Release|Any CPU
		{5EF2B8E5-8DD4-41C2-B56E-F708241A1C50}.Release|x86.ActiveCfg = Release|Any CPU
		{5EF2B8E5-8DD4-41C2-B56E-F708241A1C50}.Release|x86.Build.0 = Release|Any CPU
		{665A057F-D915-48E3-A55A-33F4A79B9CBD}.Debug|Any CPU.ActiveCfg = Debug|Any CPU
		{665A057F-D915-48E3-A55A-33F4A79B9CBD}.Debug|Any CPU.Build.0 = Debug|Any CPU
		{665A057F-D915-48E3-A55A-33F4A79B9CBD}.Debug|x64.ActiveCfg = Debug|Any CPU
		{665A057F-D915-48E3-A55A-33F4A79B9CBD}.Debug|x64.Build.0 = Debug|Any CPU
		{665A057F-D915-48E3-A55A-33F4A79B9CBD}.Debug|x86.ActiveCfg = Debug|Any CPU
		{665A057F-D915-48E3-A55A-33F4A79B9CBD}.Debug|x86.Build.0 = Debug|Any CPU
		{665A057F-D915-48E3-A55A-33F4A79B9CBD}.Release|Any CPU.ActiveCfg = Release|Any CPU
		{665A057F-D915-48E3-A55A-33F4A79B9CBD}.Release|Any CPU.Build.0 = Release|Any CPU
		{665A057F-D915-48E3-A55A-33F4A79B9CBD}.Release|x64.ActiveCfg = Release|Any CPU
		{665A057F-D915-48E3-A55A-33F4A79B9CBD}.Release|x64.Build.0 = Release|Any CPU
		{665A057F-D915-48E3-A55A-33F4A79B9CBD}.Release|x86.ActiveCfg = Release|Any CPU
		{665A057F-D915-48E3-A55A-33F4A79B9CBD}.Release|x86.Build.0 = Release|Any CPU
		{0AB335D6-32B5-4D7E-A26B-F5359C4A685B}.Debug|Any CPU.ActiveCfg = Debug|Any CPU
		{0AB335D6-32B5-4D7E-A26B-F5359C4A685B}.Debug|Any CPU.Build.0 = Debug|Any CPU
		{0AB335D6-32B5-4D7E-A26B-F5359C4A685B}.Debug|x64.ActiveCfg = Debug|Any CPU
		{0AB335D6-32B5-4D7E-A26B-F5359C4A685B}.Debug|x64.Build.0 = Debug|Any CPU
		{0AB335D6-32B5-4D7E-A26B-F5359C4A685B}.Debug|x86.ActiveCfg = Debug|Any CPU
		{0AB335D6-32B5-4D7E-A26B-F5359C4A685B}.Debug|x86.Build.0 = Debug|Any CPU
		{0AB335D6-32B5-4D7E-A26B-F5359C4A685B}.Release|Any CPU.ActiveCfg = Release|Any CPU
		{0AB335D6-32B5-4D7E-A26B-F5359C4A685B}.Release|Any CPU.Build.0 = Release|Any CPU
		{0AB335D6-32B5-4D7E-A26B-F5359C4A685B}.Release|x64.ActiveCfg = Release|Any CPU
		{0AB335D6-32B5-4D7E-A26B-F5359C4A685B}.Release|x64.Build.0 = Release|Any CPU
		{0AB335D6-32B5-4D7E-A26B-F5359C4A685B}.Release|x86.ActiveCfg = Release|Any CPU
		{0AB335D6-32B5-4D7E-A26B-F5359C4A685B}.Release|x86.Build.0 = Release|Any CPU
		{2DF6557C-C5B4-4083-943C-0C8D2F317A3D}.Debug|Any CPU.ActiveCfg = Debug|Any CPU
		{2DF6557C-C5B4-4083-943C-0C8D2F317A3D}.Debug|Any CPU.Build.0 = Debug|Any CPU
		{2DF6557C-C5B4-4083-943C-0C8D2F317A3D}.Debug|x64.ActiveCfg = Debug|Any CPU
		{2DF6557C-C5B4-4083-943C-0C8D2F317A3D}.Debug|x64.Build.0 = Debug|Any CPU
		{2DF6557C-C5B4-4083-943C-0C8D2F317A3D}.Debug|x86.ActiveCfg = Debug|Any CPU
		{2DF6557C-C5B4-4083-943C-0C8D2F317A3D}.Debug|x86.Build.0 = Debug|Any CPU
		{2DF6557C-C5B4-4083-943C-0C8D2F317A3D}.Release|Any CPU.ActiveCfg = Release|Any CPU
		{2DF6557C-C5B4-4083-943C-0C8D2F317A3D}.Release|Any CPU.Build.0 = Release|Any CPU
		{2DF6557C-C5B4-4083-943C-0C8D2F317A3D}.Release|x64.ActiveCfg = Release|Any CPU
		{2DF6557C-C5B4-4083-943C-0C8D2F317A3D}.Release|x64.Build.0 = Release|Any CPU
		{2DF6557C-C5B4-4083-943C-0C8D2F317A3D}.Release|x86.ActiveCfg = Release|Any CPU
		{2DF6557C-C5B4-4083-943C-0C8D2F317A3D}.Release|x86.Build.0 = Release|Any CPU
		{0176D484-2758-47C0-9667-3EEAB879BDA1}.Debug|Any CPU.ActiveCfg = Debug|Any CPU
		{0176D484-2758-47C0-9667-3EEAB879BDA1}.Debug|Any CPU.Build.0 = Debug|Any CPU
		{0176D484-2758-47C0-9667-3EEAB879BDA1}.Debug|x64.ActiveCfg = Debug|Any CPU
		{0176D484-2758-47C0-9667-3EEAB879BDA1}.Debug|x64.Build.0 = Debug|Any CPU
		{0176D484-2758-47C0-9667-3EEAB879BDA1}.Debug|x86.ActiveCfg = Debug|Any CPU
		{0176D484-2758-47C0-9667-3EEAB879BDA1}.Debug|x86.Build.0 = Debug|Any CPU
		{0176D484-2758-47C0-9667-3EEAB879BDA1}.Release|Any CPU.ActiveCfg = Release|Any CPU
		{0176D484-2758-47C0-9667-3EEAB879BDA1}.Release|Any CPU.Build.0 = Release|Any CPU
		{0176D484-2758-47C0-9667-3EEAB879BDA1}.Release|x64.ActiveCfg = Release|Any CPU
		{0176D484-2758-47C0-9667-3EEAB879BDA1}.Release|x64.Build.0 = Release|Any CPU
		{0176D484-2758-47C0-9667-3EEAB879BDA1}.Release|x86.ActiveCfg = Release|Any CPU
		{0176D484-2758-47C0-9667-3EEAB879BDA1}.Release|x86.Build.0 = Release|Any CPU
		{AC6B7C5A-F25C-4B13-88E3-4A929A390DFB}.Debug|Any CPU.ActiveCfg = Debug|Any CPU
		{AC6B7C5A-F25C-4B13-88E3-4A929A390DFB}.Debug|Any CPU.Build.0 = Debug|Any CPU
		{AC6B7C5A-F25C-4B13-88E3-4A929A390DFB}.Debug|x64.ActiveCfg = Debug|Any CPU
		{AC6B7C5A-F25C-4B13-88E3-4A929A390DFB}.Debug|x64.Build.0 = Debug|Any CPU
		{AC6B7C5A-F25C-4B13-88E3-4A929A390DFB}.Debug|x86.ActiveCfg = Debug|Any CPU
		{AC6B7C5A-F25C-4B13-88E3-4A929A390DFB}.Debug|x86.Build.0 = Debug|Any CPU
		{AC6B7C5A-F25C-4B13-88E3-4A929A390DFB}.Release|Any CPU.ActiveCfg = Release|Any CPU
		{AC6B7C5A-F25C-4B13-88E3-4A929A390DFB}.Release|Any CPU.Build.0 = Release|Any CPU
		{AC6B7C5A-F25C-4B13-88E3-4A929A390DFB}.Release|x64.ActiveCfg = Release|Any CPU
		{AC6B7C5A-F25C-4B13-88E3-4A929A390DFB}.Release|x64.Build.0 = Release|Any CPU
		{AC6B7C5A-F25C-4B13-88E3-4A929A390DFB}.Release|x86.ActiveCfg = Release|Any CPU
		{AC6B7C5A-F25C-4B13-88E3-4A929A390DFB}.Release|x86.Build.0 = Release|Any CPU
		{387832E9-F4C9-4D2A-BD21-28CCE9F28CA6}.Debug|Any CPU.ActiveCfg = Debug|Any CPU
		{387832E9-F4C9-4D2A-BD21-28CCE9F28CA6}.Debug|Any CPU.Build.0 = Debug|Any CPU
		{387832E9-F4C9-4D2A-BD21-28CCE9F28CA6}.Debug|x64.ActiveCfg = Debug|Any CPU
		{387832E9-F4C9-4D2A-BD21-28CCE9F28CA6}.Debug|x64.Build.0 = Debug|Any CPU
		{387832E9-F4C9-4D2A-BD21-28CCE9F28CA6}.Debug|x86.ActiveCfg = Debug|Any CPU
		{387832E9-F4C9-4D2A-BD21-28CCE9F28CA6}.Debug|x86.Build.0 = Debug|Any CPU
		{387832E9-F4C9-4D2A-BD21-28CCE9F28CA6}.Release|Any CPU.ActiveCfg = Release|Any CPU
		{387832E9-F4C9-4D2A-BD21-28CCE9F28CA6}.Release|Any CPU.Build.0 = Release|Any CPU
		{387832E9-F4C9-4D2A-BD21-28CCE9F28CA6}.Release|x64.ActiveCfg = Release|Any CPU
		{387832E9-F4C9-4D2A-BD21-28CCE9F28CA6}.Release|x64.Build.0 = Release|Any CPU
		{387832E9-F4C9-4D2A-BD21-28CCE9F28CA6}.Release|x86.ActiveCfg = Release|Any CPU
		{387832E9-F4C9-4D2A-BD21-28CCE9F28CA6}.Release|x86.Build.0 = Release|Any CPU
		{A6E99E03-83C2-44B4-B276-12A00A83C3AB}.Debug|Any CPU.ActiveCfg = Debug|Any CPU
		{A6E99E03-83C2-44B4-B276-12A00A83C3AB}.Debug|Any CPU.Build.0 = Debug|Any CPU
		{A6E99E03-83C2-44B4-B276-12A00A83C3AB}.Debug|x64.ActiveCfg = Debug|Any CPU
		{A6E99E03-83C2-44B4-B276-12A00A83C3AB}.Debug|x64.Build.0 = Debug|Any CPU
		{A6E99E03-83C2-44B4-B276-12A00A83C3AB}.Debug|x86.ActiveCfg = Debug|Any CPU
		{A6E99E03-83C2-44B4-B276-12A00A83C3AB}.Debug|x86.Build.0 = Debug|Any CPU
		{A6E99E03-83C2-44B4-B276-12A00A83C3AB}.Release|Any CPU.ActiveCfg = Release|Any CPU
		{A6E99E03-83C2-44B4-B276-12A00A83C3AB}.Release|Any CPU.Build.0 = Release|Any CPU
		{A6E99E03-83C2-44B4-B276-12A00A83C3AB}.Release|x64.ActiveCfg = Release|Any CPU
		{A6E99E03-83C2-44B4-B276-12A00A83C3AB}.Release|x64.Build.0 = Release|Any CPU
		{A6E99E03-83C2-44B4-B276-12A00A83C3AB}.Release|x86.ActiveCfg = Release|Any CPU
		{A6E99E03-83C2-44B4-B276-12A00A83C3AB}.Release|x86.Build.0 = Release|Any CPU
		{7C902F73-3090-463D-B1CF-1F8CA0AF98ED}.Debug|Any CPU.ActiveCfg = Debug|Any CPU
		{7C902F73-3090-463D-B1CF-1F8CA0AF98ED}.Debug|Any CPU.Build.0 = Debug|Any CPU
		{7C902F73-3090-463D-B1CF-1F8CA0AF98ED}.Debug|x64.ActiveCfg = Debug|Any CPU
		{7C902F73-3090-463D-B1CF-1F8CA0AF98ED}.Debug|x64.Build.0 = Debug|Any CPU
		{7C902F73-3090-463D-B1CF-1F8CA0AF98ED}.Debug|x86.ActiveCfg = Debug|Any CPU
		{7C902F73-3090-463D-B1CF-1F8CA0AF98ED}.Debug|x86.Build.0 = Debug|Any CPU
		{7C902F73-3090-463D-B1CF-1F8CA0AF98ED}.Release|Any CPU.ActiveCfg = Release|Any CPU
		{7C902F73-3090-463D-B1CF-1F8CA0AF98ED}.Release|Any CPU.Build.0 = Release|Any CPU
		{7C902F73-3090-463D-B1CF-1F8CA0AF98ED}.Release|x64.ActiveCfg = Release|Any CPU
		{7C902F73-3090-463D-B1CF-1F8CA0AF98ED}.Release|x64.Build.0 = Release|Any CPU
		{7C902F73-3090-463D-B1CF-1F8CA0AF98ED}.Release|x86.ActiveCfg = Release|Any CPU
		{7C902F73-3090-463D-B1CF-1F8CA0AF98ED}.Release|x86.Build.0 = Release|Any CPU
		{E8B8516E-F1AD-4BC2-A543-AFFC826B8FF8}.Debug|Any CPU.ActiveCfg = Debug|Any CPU
		{E8B8516E-F1AD-4BC2-A543-AFFC826B8FF8}.Debug|Any CPU.Build.0 = Debug|Any CPU
		{E8B8516E-F1AD-4BC2-A543-AFFC826B8FF8}.Debug|x64.ActiveCfg = Debug|Any CPU
		{E8B8516E-F1AD-4BC2-A543-AFFC826B8FF8}.Debug|x64.Build.0 = Debug|Any CPU
		{E8B8516E-F1AD-4BC2-A543-AFFC826B8FF8}.Debug|x86.ActiveCfg = Debug|Any CPU
		{E8B8516E-F1AD-4BC2-A543-AFFC826B8FF8}.Debug|x86.Build.0 = Debug|Any CPU
		{E8B8516E-F1AD-4BC2-A543-AFFC826B8FF8}.Release|Any CPU.ActiveCfg = Release|Any CPU
		{E8B8516E-F1AD-4BC2-A543-AFFC826B8FF8}.Release|Any CPU.Build.0 = Release|Any CPU
		{E8B8516E-F1AD-4BC2-A543-AFFC826B8FF8}.Release|x64.ActiveCfg = Release|Any CPU
		{E8B8516E-F1AD-4BC2-A543-AFFC826B8FF8}.Release|x64.Build.0 = Release|Any CPU
		{E8B8516E-F1AD-4BC2-A543-AFFC826B8FF8}.Release|x86.ActiveCfg = Release|Any CPU
		{E8B8516E-F1AD-4BC2-A543-AFFC826B8FF8}.Release|x86.Build.0 = Release|Any CPU
		{7C770866-B3A4-4A83-9E01-4CD6175D90EE}.Debug|Any CPU.ActiveCfg = Debug|Any CPU
		{7C770866-B3A4-4A83-9E01-4CD6175D90EE}.Debug|Any CPU.Build.0 = Debug|Any CPU
		{7C770866-B3A4-4A83-9E01-4CD6175D90EE}.Debug|x64.ActiveCfg = Debug|Any CPU
		{7C770866-B3A4-4A83-9E01-4CD6175D90EE}.Debug|x64.Build.0 = Debug|Any CPU
		{7C770866-B3A4-4A83-9E01-4CD6175D90EE}.Debug|x86.ActiveCfg = Debug|Any CPU
		{7C770866-B3A4-4A83-9E01-4CD6175D90EE}.Debug|x86.Build.0 = Debug|Any CPU
		{7C770866-B3A4-4A83-9E01-4CD6175D90EE}.Release|Any CPU.ActiveCfg = Release|Any CPU
		{7C770866-B3A4-4A83-9E01-4CD6175D90EE}.Release|Any CPU.Build.0 = Release|Any CPU
		{7C770866-B3A4-4A83-9E01-4CD6175D90EE}.Release|x64.ActiveCfg = Release|Any CPU
		{7C770866-B3A4-4A83-9E01-4CD6175D90EE}.Release|x64.Build.0 = Release|Any CPU
		{7C770866-B3A4-4A83-9E01-4CD6175D90EE}.Release|x86.ActiveCfg = Release|Any CPU
		{7C770866-B3A4-4A83-9E01-4CD6175D90EE}.Release|x86.Build.0 = Release|Any CPU
	EndGlobalSection
	GlobalSection(NestedProjects) = preSolution
		{6ED6EC20-32B0-4E8D-8E28-CAB6CD424247} = {720B3148-5BE5-4460-9263-9A461F8B9F85}
		{39D3FEDD-8481-435B-AE37-C1AED1BADC18} = {720B3148-5BE5-4460-9263-9A461F8B9F85}
		{D9280926-6073-4B96-8CFF-5CD4F3017E33} = {720B3148-5BE5-4460-9263-9A461F8B9F85}
		{2DF6557C-C5B4-4083-943C-0C8D2F317A3D} = {720B3148-5BE5-4460-9263-9A461F8B9F85}
		{F8D25419-B90B-4996-AD4B-2086D6E3B1D1} = {720B3148-5BE5-4460-9263-9A461F8B9F85}
		{0176D484-2758-47C0-9667-3EEAB879BDA1} = {F8D25419-B90B-4996-AD4B-2086D6E3B1D1}
		{AC6B7C5A-F25C-4B13-88E3-4A929A390DFB} = {F8D25419-B90B-4996-AD4B-2086D6E3B1D1}
		{5EF2B8E5-8DD4-41C2-B56E-F708241A1C50} = {F8D25419-B90B-4996-AD4B-2086D6E3B1D1}
		{665A057F-D915-48E3-A55A-33F4A79B9CBD} = {F8D25419-B90B-4996-AD4B-2086D6E3B1D1}
		{0AB335D6-32B5-4D7E-A26B-F5359C4A685B} = {F8D25419-B90B-4996-AD4B-2086D6E3B1D1}
		{387832E9-F4C9-4D2A-BD21-28CCE9F28CA6} = {F8D25419-B90B-4996-AD4B-2086D6E3B1D1}
		{A6E99E03-83C2-44B4-B276-12A00A83C3AB} = {F8D25419-B90B-4996-AD4B-2086D6E3B1D1}
		{7C902F73-3090-463D-B1CF-1F8CA0AF98ED} = {FDDB1410-F606-4415-9BAA-B4AAB9B635AF}
		{E8B8516E-F1AD-4BC2-A543-AFFC826B8FF8} = {FDDB1410-F606-4415-9BAA-B4AAB9B635AF}
		{7C770866-B3A4-4A83-9E01-4CD6175D90EE} = {FDDB1410-F606-4415-9BAA-B4AAB9B635AF}
	EndGlobalSection
EndGlobal
