
Microsoft Visual Studio Solution File, Format Version 12.00
# Visual Studio 15
VisualStudioVersion = 15.0.26124.0
MinimumVisualStudioVersion = 15.0.26124.0
Project("{2150E333-8FDC-42A3-9474-1A3956D46DE8}") = "src", "src", "{720B3148-5BE5-4460-9263-9A461F8B9F85}"
EndProject
Project("{F2A71F9B-5D33-465A-A702-920D77279786}") = "Cli", "src\Cli\Cli.fsproj", "{6ED6EC20-32B0-4E8D-8E28-CAB6CD424247}"
EndProject
Project("{F2A71F9B-5D33-465A-A702-920D77279786}") = "Storage", "src\Storage\Storage.fsproj", "{39D3FEDD-8481-435B-AE37-C1AED1BADC18}"
EndProject
Project("{F2A71F9B-5D33-465A-A702-920D77279786}") = "Entities", "src\Entities\Entities.fsproj", "{D9280926-6073-4B96-8CFF-5CD4F3017E33}"
EndProject
Project("{F2A71F9B-5D33-465A-A702-920D77279786}") = "Mediator", "src\Mediator\Mediator.fsproj", "{5EF2B8E5-8DD4-41C2-B56E-F708241A1C50}"
EndProject
Project("{F2A71F9B-5D33-465A-A702-920D77279786}") = "Mediator.Mutations", "src\Mediator.Mutations\Mediator.Mutations.fsproj", "{665A057F-D915-48E3-A55A-33F4A79B9CBD}"
EndProject
Project("{F2A71F9B-5D33-465A-A702-920D77279786}") = "Mediator.Queries", "src\Mediator.Queries\Mediator.Queries.fsproj", "{0AB335D6-32B5-4D7E-A26B-F5359C4A685B}"
EndProject
Global
	GlobalSection(SolutionConfigurationPlatforms) = preSolution
		Debug|Any CPU = Debug|Any CPU
		Debug|x64 = Debug|x64
		Debug|x86 = Debug|x86
		Release|Any CPU = Release|Any CPU
		Release|x64 = Release|x64
		Release|x86 = Release|x86
	EndGlobalSection
	GlobalSection(SolutionProperties) = preSolution
		HideSolutionNode = FALSE
	EndGlobalSection
	GlobalSection(ProjectConfigurationPlatforms) = postSolution
		{6ED6EC20-32B0-4E8D-8E28-CAB6CD424247}.Debug|Any CPU.ActiveCfg = Debug|Any CPU
		{6ED6EC20-32B0-4E8D-8E28-CAB6CD424247}.Debug|Any CPU.Build.0 = Debug|Any CPU
		{6ED6EC20-32B0-4E8D-8E28-CAB6CD424247}.Debug|x64.ActiveCfg = Debug|Any CPU
		{6ED6EC20-32B0-4E8D-8E28-CAB6CD424247}.Debug|x64.Build.0 = Debug|Any CPU
		{6ED6EC20-32B0-4E8D-8E28-CAB6CD424247}.Debug|x86.ActiveCfg = Debug|Any CPU
		{6ED6EC20-32B0-4E8D-8E28-CAB6CD424247}.Debug|x86.Build.0 = Debug|Any CPU
		{6ED6EC20-32B0-4E8D-8E28-CAB6CD424247}.Release|Any CPU.ActiveCfg = Release|Any CPU
		{6ED6EC20-32B0-4E8D-8E28-CAB6CD424247}.Release|Any CPU.Build.0 = Release|Any CPU
		{6ED6EC20-32B0-4E8D-8E28-CAB6CD424247}.Release|x64.ActiveCfg = Release|Any CPU
		{6ED6EC20-32B0-4E8D-8E28-CAB6CD424247}.Release|x64.Build.0 = Release|Any CPU
		{6ED6EC20-32B0-4E8D-8E28-CAB6CD424247}.Release|x86.ActiveCfg = Release|Any CPU
		{6ED6EC20-32B0-4E8D-8E28-CAB6CD424247}.Release|x86.Build.0 = Release|Any CPU
		{39D3FEDD-8481-435B-AE37-C1AED1BADC18}.Debug|Any CPU.ActiveCfg = Debug|Any CPU
		{39D3FEDD-8481-435B-AE37-C1AED1BADC18}.Debug|Any CPU.Build.0 = Debug|Any CPU
		{39D3FEDD-8481-435B-AE37-C1AED1BADC18}.Debug|x64.ActiveCfg = Debug|Any CPU
		{39D3FEDD-8481-435B-AE37-C1AED1BADC18}.Debug|x64.Build.0 = Debug|Any CPU
		{39D3FEDD-8481-435B-AE37-C1AED1BADC18}.Debug|x86.ActiveCfg = Debug|Any CPU
		{39D3FEDD-8481-435B-AE37-C1AED1BADC18}.Debug|x86.Build.0 = Debug|Any CPU
		{39D3FEDD-8481-435B-AE37-C1AED1BADC18}.Release|Any CPU.ActiveCfg = Release|Any CPU
		{39D3FEDD-8481-435B-AE37-C1AED1BADC18}.Release|Any CPU.Build.0 = Release|Any CPU
		{39D3FEDD-8481-435B-AE37-C1AED1BADC18}.Release|x64.ActiveCfg = Release|Any CPU
		{39D3FEDD-8481-435B-AE37-C1AED1BADC18}.Release|x64.Build.0 = Release|Any CPU
		{39D3FEDD-8481-435B-AE37-C1AED1BADC18}.Release|x86.ActiveCfg = Release|Any CPU
		{39D3FEDD-8481-435B-AE37-C1AED1BADC18}.Release|x86.Build.0 = Release|Any CPU
		{D9280926-6073-4B96-8CFF-5CD4F3017E33}.Debug|Any CPU.ActiveCfg = Debug|Any CPU
		{D9280926-6073-4B96-8CFF-5CD4F3017E33}.Debug|Any CPU.Build.0 = Debug|Any CPU
		{D9280926-6073-4B96-8CFF-5CD4F3017E33}.Debug|x64.ActiveCfg = Debug|Any CPU
		{D9280926-6073-4B96-8CFF-5CD4F3017E33}.Debug|x64.Build.0 = Debug|Any CPU
		{D9280926-6073-4B96-8CFF-5CD4F3017E33}.Debug|x86.ActiveCfg = Debug|Any CPU
		{D9280926-6073-4B96-8CFF-5CD4F3017E33}.Debug|x86.Build.0 = Debug|Any CPU
		{D9280926-6073-4B96-8CFF-5CD4F3017E33}.Release|Any CPU.ActiveCfg = Release|Any CPU
		{D9280926-6073-4B96-8CFF-5CD4F3017E33}.Release|Any CPU.Build.0 = Release|Any CPU
		{D9280926-6073-4B96-8CFF-5CD4F3017E33}.Release|x64.ActiveCfg = Release|Any CPU
		{D9280926-6073-4B96-8CFF-5CD4F3017E33}.Release|x64.Build.0 = Release|Any CPU
		{D9280926-6073-4B96-8CFF-5CD4F3017E33}.Release|x86.ActiveCfg = Release|Any CPU
		{D9280926-6073-4B96-8CFF-5CD4F3017E33}.Release|x86.Build.0 = Release|Any CPU
		{5EF2B8E5-8DD4-41C2-B56E-F708241A1C50}.Debug|Any CPU.ActiveCfg = Debug|Any CPU
		{5EF2B8E5-8DD4-41C2-B56E-F708241A1C50}.Debug|Any CPU.Build.0 = Debug|Any CPU
		{5EF2B8E5-8DD4-41C2-B56E-F708241A1C50}.Debug|x64.ActiveCfg = Debug|Any CPU
		{5EF2B8E5-8DD4-41C2-B56E-F708241A1C50}.Debug|x64.Build.0 = Debug|Any CPU
		{5EF2B8E5-8DD4-41C2-B56E-F708241A1C50}.Debug|x86.ActiveCfg = Debug|Any CPU
		{5EF2B8E5-8DD4-41C2-B56E-F708241A1C50}.Debug|x86.Build.0 = Debug|Any CPU
		{5EF2B8E5-8DD4-41C2-B56E-F708241A1C50}.Release|Any CPU.ActiveCfg = Release|Any CPU
		{5EF2B8E5-8DD4-41C2-B56E-F708241A1C50}.Release|Any CPU.Build.0 = Release|Any CPU
		{5EF2B8E5-8DD4-41C2-B56E-F708241A1C50}.Release|x64.ActiveCfg = Release|Any CPU
		{5EF2B8E5-8DD4-41C2-B56E-F708241A1C50}.Release|x64.Build.0 = Release|Any CPU
		{5EF2B8E5-8DD4-41C2-B56E-F708241A1C50}.Release|x86.ActiveCfg = Release|Any CPU
		{5EF2B8E5-8DD4-41C2-B56E-F708241A1C50}.Release|x86.Build.0 = Release|Any CPU
		{665A057F-D915-48E3-A55A-33F4A79B9CBD}.Debug|Any CPU.ActiveCfg = Debug|Any CPU
		{665A057F-D915-48E3-A55A-33F4A79B9CBD}.Debug|Any CPU.Build.0 = Debug|Any CPU
		{665A057F-D915-48E3-A55A-33F4A79B9CBD}.Debug|x64.ActiveCfg = Debug|Any CPU
		{665A057F-D915-48E3-A55A-33F4A79B9CBD}.Debug|x64.Build.0 = Debug|Any CPU
		{665A057F-D915-48E3-A55A-33F4A79B9CBD}.Debug|x86.ActiveCfg = Debug|Any CPU
		{665A057F-D915-48E3-A55A-33F4A79B9CBD}.Debug|x86.Build.0 = Debug|Any CPU
		{665A057F-D915-48E3-A55A-33F4A79B9CBD}.Release|Any CPU.ActiveCfg = Release|Any CPU
		{665A057F-D915-48E3-A55A-33F4A79B9CBD}.Release|Any CPU.Build.0 = Release|Any CPU
		{665A057F-D915-48E3-A55A-33F4A79B9CBD}.Release|x64.ActiveCfg = Release|Any CPU
		{665A057F-D915-48E3-A55A-33F4A79B9CBD}.Release|x64.Build.0 = Release|Any CPU
		{665A057F-D915-48E3-A55A-33F4A79B9CBD}.Release|x86.ActiveCfg = Release|Any CPU
		{665A057F-D915-48E3-A55A-33F4A79B9CBD}.Release|x86.Build.0 = Release|Any CPU
		{0AB335D6-32B5-4D7E-A26B-F5359C4A685B}.Debug|Any CPU.ActiveCfg = Debug|Any CPU
		{0AB335D6-32B5-4D7E-A26B-F5359C4A685B}.Debug|Any CPU.Build.0 = Debug|Any CPU
		{0AB335D6-32B5-4D7E-A26B-F5359C4A685B}.Debug|x64.ActiveCfg = Debug|Any CPU
		{0AB335D6-32B5-4D7E-A26B-F5359C4A685B}.Debug|x64.Build.0 = Debug|Any CPU
		{0AB335D6-32B5-4D7E-A26B-F5359C4A685B}.Debug|x86.ActiveCfg = Debug|Any CPU
		{0AB335D6-32B5-4D7E-A26B-F5359C4A685B}.Debug|x86.Build.0 = Debug|Any CPU
		{0AB335D6-32B5-4D7E-A26B-F5359C4A685B}.Release|Any CPU.ActiveCfg = Release|Any CPU
		{0AB335D6-32B5-4D7E-A26B-F5359C4A685B}.Release|Any CPU.Build.0 = Release|Any CPU
		{0AB335D6-32B5-4D7E-A26B-F5359C4A685B}.Release|x64.ActiveCfg = Release|Any CPU
		{0AB335D6-32B5-4D7E-A26B-F5359C4A685B}.Release|x64.Build.0 = Release|Any CPU
		{0AB335D6-32B5-4D7E-A26B-F5359C4A685B}.Release|x86.ActiveCfg = Release|Any CPU
		{0AB335D6-32B5-4D7E-A26B-F5359C4A685B}.Release|x86.Build.0 = Release|Any CPU
	EndGlobalSection
	GlobalSection(NestedProjects) = preSolution
		{6ED6EC20-32B0-4E8D-8E28-CAB6CD424247} = {720B3148-5BE5-4460-9263-9A461F8B9F85}
		{39D3FEDD-8481-435B-AE37-C1AED1BADC18} = {720B3148-5BE5-4460-9263-9A461F8B9F85}
		{D9280926-6073-4B96-8CFF-5CD4F3017E33} = {720B3148-5BE5-4460-9263-9A461F8B9F85}
		{5EF2B8E5-8DD4-41C2-B56E-F708241A1C50} = {720B3148-5BE5-4460-9263-9A461F8B9F85}
		{665A057F-D915-48E3-A55A-33F4A79B9CBD} = {720B3148-5BE5-4460-9263-9A461F8B9F85}
		{0AB335D6-32B5-4D7E-A26B-F5359C4A685B} = {720B3148-5BE5-4460-9263-9A461F8B9F85}
	EndGlobalSection
EndGlobal
